// !$*UTF8*$!
{
	archiveVersion = 1;
	classes = {
	};
	objectVersion = 46;
	objects = {

/* Begin PBXBuildFile section */
		650031AE1BB11D41003D9259 /* Game.cpp in Sources */ = {isa = PBXBuildFile; fileRef = 650031AC1BB11D41003D9259 /* Game.cpp */; };
		6500BFF21BA9F67D005607A5 /* Face.cpp in Sources */ = {isa = PBXBuildFile; fileRef = 6500BFF01BA9F67D005607A5 /* Face.cpp */; };
		6500BFF81BAA9280005607A5 /* libSOIL.dylib in Frameworks */ = {isa = PBXBuildFile; fileRef = 6500BFF71BAA9280005607A5 /* libSOIL.dylib */; };
		6500BFFA1BAA94FC005607A5 /* libSOIL.a in Frameworks */ = {isa = PBXBuildFile; fileRef = 6500BFF91BAA94FC005607A5 /* libSOIL.a */; };
		650EE7161BA926FC009988E0 /* Cocoa.framework in Frameworks */ = {isa = PBXBuildFile; fileRef = 650EE7151BA926FB009988E0 /* Cocoa.framework */; };
		650EE7181BA92705009988E0 /* GLUT.framework in Frameworks */ = {isa = PBXBuildFile; fileRef = 650EE7171BA92705009988E0 /* GLUT.framework */; };
		650EE71C1BA92F69009988E0 /* Vertex.cpp in Sources */ = {isa = PBXBuildFile; fileRef = 650EE71B1BA92F69009988E0 /* Vertex.cpp */; };
		650EE71F1BA934E2009988E0 /* Item.cpp in Sources */ = {isa = PBXBuildFile; fileRef = 650EE71D1BA934E2009988E0 /* Item.cpp */; };
		650EE7221BA93C98009988E0 /* TextureCoordinate.cpp in Sources */ = {isa = PBXBuildFile; fileRef = 650EE7201BA93C98009988E0 /* TextureCoordinate.cpp */; };
		650EE7251BA94132009988E0 /* ObjParser.cpp in Sources */ = {isa = PBXBuildFile; fileRef = 650EE7231BA94132009988E0 /* ObjParser.cpp */; };
		651B2C801BA53AF700434B86 /* OpenGL.framework in Frameworks */ = {isa = PBXBuildFile; fileRef = 651B2C7F1BA53AF700434B86 /* OpenGL.framework */; };
		654A17281BAE332F009500DC /* main.cpp in Sources */ = {isa = PBXBuildFile; fileRef = 654A17261BAE332F009500DC /* main.cpp */; };
		654A172B1BAE333D009500DC /* Controller.cpp in Sources */ = {isa = PBXBuildFile; fileRef = 654A17291BAE333D009500DC /* Controller.cpp */; };
		656436611BC477F200BB0DE3 /* DGL.cpp in Sources */ = {isa = PBXBuildFile; fileRef = 6564365F1BC477F200BB0DE3 /* DGL.cpp */; };
		656436641BC60B7800BB0DE3 /* Vector.cpp in Sources */ = {isa = PBXBuildFile; fileRef = 656436621BC60B7800BB0DE3 /* Vector.cpp */; };
		656436671BC87A0300BB0DE3 /* DGLCamera.cpp in Sources */ = {isa = PBXBuildFile; fileRef = 656436651BC87A0300BB0DE3 /* DGLCamera.cpp */; };
		6594EE2D1BAE35F9007C3D66 /* SDL2.framework in Frameworks */ = {isa = PBXBuildFile; fileRef = 6594EE2C1BAE35F8007C3D66 /* SDL2.framework */; };
		6597CF421BB26BD80095EA9B /* Transformation.cpp in Sources */ = {isa = PBXBuildFile; fileRef = 6597CF401BB26BD70095EA9B /* Transformation.cpp */; };
		6597CF471BB2E5400095EA9B /* ManifestParser.cpp in Sources */ = {isa = PBXBuildFile; fileRef = 6597CF451BB2E5400095EA9B /* ManifestParser.cpp */; };
		65CBB53B1BB1A9FB00FFFDC2 /* Camera.cpp in Sources */ = {isa = PBXBuildFile; fileRef = 65CBB5391BB1A9FB00FFFDC2 /* Camera.cpp */; };
		65CBB53E1BB1AA0900FFFDC2 /* Scene.cpp in Sources */ = {isa = PBXBuildFile; fileRef = 65CBB53C1BB1AA0900FFFDC2 /* Scene.cpp */; };
		65CBB5411BB1AA7A00FFFDC2 /* PositionedItem.cpp in Sources */ = {isa = PBXBuildFile; fileRef = 65CBB53F1BB1AA7A00FFFDC2 /* PositionedItem.cpp */; };
		65FB50AF1BBCEB740024EA40 /* Matrix.cpp in Sources */ = {isa = PBXBuildFile; fileRef = 65FB50AD1BBCEB740024EA40 /* Matrix.cpp */; };
/* End PBXBuildFile section */

/* Begin PBXCopyFilesBuildPhase section */
		651B2C731BA52DB900434B86 /* CopyFiles */ = {
			isa = PBXCopyFilesBuildPhase;
			buildActionMask = 2147483647;
			dstPath = /usr/share/man/man1/;
			dstSubfolderSpec = 0;
			files = (
			);
			runOnlyForDeploymentPostprocessing = 1;
		};
/* End PBXCopyFilesBuildPhase section */

/* Begin PBXFileReference section */
		650031AC1BB11D41003D9259 /* Game.cpp */ = {isa = PBXFileReference; fileEncoding = 4; lastKnownFileType = sourcecode.cpp.cpp; path = Game.cpp; sourceTree = "<group>"; };
		650031AD1BB11D41003D9259 /* Game.h */ = {isa = PBXFileReference; fileEncoding = 4; lastKnownFileType = sourcecode.c.h; path = Game.h; sourceTree = "<group>"; };
		6500BFF01BA9F67D005607A5 /* Face.cpp */ = {isa = PBXFileReference; fileEncoding = 4; lastKnownFileType = sourcecode.cpp.cpp; path = Face.cpp; sourceTree = "<group>"; };
		6500BFF11BA9F67D005607A5 /* Face.h */ = {isa = PBXFileReference; fileEncoding = 4; lastKnownFileType = sourcecode.c.h; path = Face.h; sourceTree = "<group>"; };
		6500BFF71BAA9280005607A5 /* libSOIL.dylib */ = {isa = PBXFileReference; lastKnownFileType = "compiled.mach-o.dylib"; name = libSOIL.dylib; path = ../libSOIL/libSOIL.dylib; sourceTree = "<group>"; };
		6500BFF91BAA94FC005607A5 /* libSOIL.a */ = {isa = PBXFileReference; lastKnownFileType = archive.ar; name = libSOIL.a; path = ../libSOIL/libSOIL.a; sourceTree = "<group>"; };
		6500BFFD1BAA9704005607A5 /* models */ = {isa = PBXFileReference; lastKnownFileType = folder; path = models; sourceTree = "<group>"; };
		6500BFFE1BAA970F005607A5 /* textures */ = {isa = PBXFileReference; lastKnownFileType = folder; path = textures; sourceTree = "<group>"; };
		650EE7151BA926FB009988E0 /* Cocoa.framework */ = {isa = PBXFileReference; lastKnownFileType = wrapper.framework; name = Cocoa.framework; path = System/Library/Frameworks/Cocoa.framework; sourceTree = SDKROOT; };
		650EE7171BA92705009988E0 /* GLUT.framework */ = {isa = PBXFileReference; lastKnownFileType = wrapper.framework; name = GLUT.framework; path = System/Library/Frameworks/GLUT.framework; sourceTree = SDKROOT; };
		650EE71A1BA92EEE009988E0 /* Vertex.h */ = {isa = PBXFileReference; lastKnownFileType = sourcecode.c.h; path = Vertex.h; sourceTree = "<group>"; };
		650EE71B1BA92F69009988E0 /* Vertex.cpp */ = {isa = PBXFileReference; fileEncoding = 4; lastKnownFileType = sourcecode.cpp.cpp; path = Vertex.cpp; sourceTree = "<group>"; };
		650EE71D1BA934E2009988E0 /* Item.cpp */ = {isa = PBXFileReference; fileEncoding = 4; lastKnownFileType = sourcecode.cpp.cpp; path = Item.cpp; sourceTree = "<group>"; };
		650EE71E1BA934E2009988E0 /* Item.h */ = {isa = PBXFileReference; fileEncoding = 4; lastKnownFileType = sourcecode.c.h; path = Item.h; sourceTree = "<group>"; };
		650EE7201BA93C98009988E0 /* TextureCoordinate.cpp */ = {isa = PBXFileReference; fileEncoding = 4; lastKnownFileType = sourcecode.cpp.cpp; path = TextureCoordinate.cpp; sourceTree = "<group>"; };
		650EE7211BA93C98009988E0 /* TextureCoordinate.h */ = {isa = PBXFileReference; fileEncoding = 4; lastKnownFileType = sourcecode.c.h; path = TextureCoordinate.h; sourceTree = "<group>"; };
		650EE7231BA94132009988E0 /* ObjParser.cpp */ = {isa = PBXFileReference; fileEncoding = 4; lastKnownFileType = sourcecode.cpp.cpp; path = ObjParser.cpp; sourceTree = "<group>"; };
		650EE7241BA94132009988E0 /* ObjParser.h */ = {isa = PBXFileReference; fileEncoding = 4; lastKnownFileType = sourcecode.c.h; path = ObjParser.h; sourceTree = "<group>"; };
		651B2C751BA52DB900434B86 /* wizards-court */ = {isa = PBXFileReference; explicitFileType = "compiled.mach-o.executable"; includeInIndex = 0; path = "wizards-court"; sourceTree = BUILT_PRODUCTS_DIR; };
		651B2C7F1BA53AF700434B86 /* OpenGL.framework */ = {isa = PBXFileReference; lastKnownFileType = wrapper.framework; name = OpenGL.framework; path = System/Library/Frameworks/OpenGL.framework; sourceTree = SDKROOT; };
		651B2C811BA53BD300434B86 /* X11 */ = {isa = PBXFileReference; lastKnownFileType = folder; name = X11; path = ../../../../opt/X11; sourceTree = "<group>"; };
		654A17261BAE332F009500DC /* main.cpp */ = {isa = PBXFileReference; fileEncoding = 4; lastKnownFileType = sourcecode.cpp.cpp; path = main.cpp; sourceTree = "<group>"; };
		654A17271BAE332F009500DC /* main.h */ = {isa = PBXFileReference; fileEncoding = 4; lastKnownFileType = sourcecode.c.h; path = main.h; sourceTree = "<group>"; };
		654A17291BAE333D009500DC /* Controller.cpp */ = {isa = PBXFileReference; fileEncoding = 4; lastKnownFileType = sourcecode.cpp.cpp; path = Controller.cpp; sourceTree = "<group>"; };
		654A172A1BAE333D009500DC /* Controller.h */ = {isa = PBXFileReference; fileEncoding = 4; lastKnownFileType = sourcecode.c.h; path = Controller.h; sourceTree = "<group>"; };
		6564365F1BC477F200BB0DE3 /* DGL.cpp */ = {isa = PBXFileReference; fileEncoding = 4; lastKnownFileType = sourcecode.cpp.cpp; path = DGL.cpp; sourceTree = "<group>"; };
		656436601BC477F200BB0DE3 /* DGL.h */ = {isa = PBXFileReference; fileEncoding = 4; lastKnownFileType = sourcecode.c.h; path = DGL.h; sourceTree = "<group>"; };
		656436621BC60B7800BB0DE3 /* Vector.cpp */ = {isa = PBXFileReference; fileEncoding = 4; lastKnownFileType = sourcecode.cpp.cpp; path = Vector.cpp; sourceTree = "<group>"; };
		656436631BC60B7800BB0DE3 /* Vector.h */ = {isa = PBXFileReference; fileEncoding = 4; lastKnownFileType = sourcecode.c.h; path = Vector.h; sourceTree = "<group>"; };
		656436651BC87A0300BB0DE3 /* DGLCamera.cpp */ = {isa = PBXFileReference; fileEncoding = 4; lastKnownFileType = sourcecode.cpp.cpp; path = DGLCamera.cpp; sourceTree = "<group>"; };
		656436661BC87A0300BB0DE3 /* DGLCamera.h */ = {isa = PBXFileReference; fileEncoding = 4; lastKnownFileType = sourcecode.c.h; path = DGLCamera.h; sourceTree = "<group>"; };
		6594EE2A1BAE3493007C3D66 /* Frameworks */ = {isa = PBXFileReference; lastKnownFileType = folder; name = Frameworks; path = ../../../../Library/Frameworks; sourceTree = "<group>"; };
		6594EE2C1BAE35F8007C3D66 /* SDL2.framework */ = {isa = PBXFileReference; lastKnownFileType = wrapper.framework; name = SDL2.framework; path = ../../../../Library/Frameworks/SDL2.framework; sourceTree = "<group>"; };
		6597CF401BB26BD70095EA9B /* Transformation.cpp */ = {isa = PBXFileReference; fileEncoding = 4; lastKnownFileType = sourcecode.cpp.cpp; path = Transformation.cpp; sourceTree = "<group>"; };
		6597CF411BB26BD80095EA9B /* Transformation.h */ = {isa = PBXFileReference; fileEncoding = 4; lastKnownFileType = sourcecode.c.h; path = Transformation.h; sourceTree = "<group>"; };
		6597CF441BB2E2770095EA9B /* manifest */ = {isa = PBXFileReference; lastKnownFileType = folder; path = manifest; sourceTree = "<group>"; };
		6597CF451BB2E5400095EA9B /* ManifestParser.cpp */ = {isa = PBXFileReference; fileEncoding = 4; lastKnownFileType = sourcecode.cpp.cpp; path = ManifestParser.cpp; sourceTree = "<group>"; };
		6597CF461BB2E5400095EA9B /* ManifestParser.h */ = {isa = PBXFileReference; fileEncoding = 4; lastKnownFileType = sourcecode.c.h; path = ManifestParser.h; sourceTree = "<group>"; };
		65CBB5391BB1A9FB00FFFDC2 /* Camera.cpp */ = {isa = PBXFileReference; fileEncoding = 4; lastKnownFileType = sourcecode.cpp.cpp; path = Camera.cpp; sourceTree = "<group>"; };
		65CBB53A1BB1A9FB00FFFDC2 /* Camera.h */ = {isa = PBXFileReference; fileEncoding = 4; lastKnownFileType = sourcecode.c.h; path = Camera.h; sourceTree = "<group>"; };
		65CBB53C1BB1AA0900FFFDC2 /* Scene.cpp */ = {isa = PBXFileReference; fileEncoding = 4; lastKnownFileType = sourcecode.cpp.cpp; path = Scene.cpp; sourceTree = "<group>"; };
		65CBB53D1BB1AA0900FFFDC2 /* Scene.h */ = {isa = PBXFileReference; fileEncoding = 4; lastKnownFileType = sourcecode.c.h; path = Scene.h; sourceTree = "<group>"; };
		65CBB53F1BB1AA7A00FFFDC2 /* PositionedItem.cpp */ = {isa = PBXFileReference; fileEncoding = 4; lastKnownFileType = sourcecode.cpp.cpp; path = PositionedItem.cpp; sourceTree = "<group>"; };
		65CBB5401BB1AA7A00FFFDC2 /* PositionedItem.h */ = {isa = PBXFileReference; fileEncoding = 4; lastKnownFileType = sourcecode.c.h; path = PositionedItem.h; sourceTree = "<group>"; };
		65FB50AD1BBCEB740024EA40 /* Matrix.cpp */ = {isa = PBXFileReference; fileEncoding = 4; lastKnownFileType = sourcecode.cpp.cpp; path = Matrix.cpp; sourceTree = "<group>"; };
		65FB50AE1BBCEB740024EA40 /* Matrix.h */ = {isa = PBXFileReference; fileEncoding = 4; lastKnownFileType = sourcecode.c.h; path = Matrix.h; sourceTree = "<group>"; };
/* End PBXFileReference section */

/* Begin PBXFrameworksBuildPhase section */
		651B2C721BA52DB900434B86 /* Frameworks */ = {
			isa = PBXFrameworksBuildPhase;
			buildActionMask = 2147483647;
			files = (
				6500BFFA1BAA94FC005607A5 /* libSOIL.a in Frameworks */,
				6500BFF81BAA9280005607A5 /* libSOIL.dylib in Frameworks */,
				6594EE2D1BAE35F9007C3D66 /* SDL2.framework in Frameworks */,
				650EE7181BA92705009988E0 /* GLUT.framework in Frameworks */,
				650EE7161BA926FC009988E0 /* Cocoa.framework in Frameworks */,
				651B2C801BA53AF700434B86 /* OpenGL.framework in Frameworks */,
			);
			runOnlyForDeploymentPostprocessing = 0;
		};
/* End PBXFrameworksBuildPhase section */

/* Begin PBXGroup section */
		651B2C6C1BA52DB800434B86 = {
			isa = PBXGroup;
			children = (
				6594EE2C1BAE35F8007C3D66 /* SDL2.framework */,
				6594EE2A1BAE3493007C3D66 /* Frameworks */,
				6500BFF91BAA94FC005607A5 /* libSOIL.a */,
				6500BFF71BAA9280005607A5 /* libSOIL.dylib */,
				650EE7171BA92705009988E0 /* GLUT.framework */,
				650EE7151BA926FB009988E0 /* Cocoa.framework */,
				651B2C811BA53BD300434B86 /* X11 */,
				651B2C7F1BA53AF700434B86 /* OpenGL.framework */,
				651B2C771BA52DB900434B86 /* wizards-court */,
				651B2C761BA52DB900434B86 /* Products */,
			);
			sourceTree = "<group>";
		};
		651B2C761BA52DB900434B86 /* Products */ = {
			isa = PBXGroup;
			children = (
				651B2C751BA52DB900434B86 /* wizards-court */,
			);
			name = Products;
			sourceTree = "<group>";
		};
		651B2C771BA52DB900434B86 /* wizards-court */ = {
			isa = PBXGroup;
			children = (
				6500BFFD1BAA9704005607A5 /* models */,
				6500BFFE1BAA970F005607A5 /* textures */,
				6597CF441BB2E2770095EA9B /* manifest */,
				656436601BC477F200BB0DE3 /* DGL.h */,
				6564365F1BC477F200BB0DE3 /* DGL.cpp */,
				656436661BC87A0300BB0DE3 /* DGLCamera.h */,
				656436651BC87A0300BB0DE3 /* DGLCamera.cpp */,
				656436631BC60B7800BB0DE3 /* Vector.h */,
				656436621BC60B7800BB0DE3 /* Vector.cpp */,
				654A17271BAE332F009500DC /* main.h */,
				654A17261BAE332F009500DC /* main.cpp */,
				650031AD1BB11D41003D9259 /* Game.h */,
				650031AC1BB11D41003D9259 /* Game.cpp */,
				65CBB53A1BB1A9FB00FFFDC2 /* Camera.h */,
				65CBB5391BB1A9FB00FFFDC2 /* Camera.cpp */,
				65CBB5401BB1AA7A00FFFDC2 /* PositionedItem.h */,
				65CBB53F1BB1AA7A00FFFDC2 /* PositionedItem.cpp */,
				65CBB53D1BB1AA0900FFFDC2 /* Scene.h */,
				65CBB53C1BB1AA0900FFFDC2 /* Scene.cpp */,
				650EE71A1BA92EEE009988E0 /* Vertex.h */,
				650EE71B1BA92F69009988E0 /* Vertex.cpp */,
				6500BFF11BA9F67D005607A5 /* Face.h */,
				6500BFF01BA9F67D005607A5 /* Face.cpp */,
				650EE7211BA93C98009988E0 /* TextureCoordinate.h */,
				650EE7201BA93C98009988E0 /* TextureCoordinate.cpp */,
				650EE71E1BA934E2009988E0 /* Item.h */,
				650EE71D1BA934E2009988E0 /* Item.cpp */,
				650EE7241BA94132009988E0 /* ObjParser.h */,
				650EE7231BA94132009988E0 /* ObjParser.cpp */,
				6597CF461BB2E5400095EA9B /* ManifestParser.h */,
				6597CF451BB2E5400095EA9B /* ManifestParser.cpp */,
				654A172A1BAE333D009500DC /* Controller.h */,
				654A17291BAE333D009500DC /* Controller.cpp */,
				6597CF411BB26BD80095EA9B /* Transformation.h */,
				6597CF401BB26BD70095EA9B /* Transformation.cpp */,
				65FB50AE1BBCEB740024EA40 /* Matrix.h */,
				65FB50AD1BBCEB740024EA40 /* Matrix.cpp */,
			);
			path = "wizards-court";
			sourceTree = "<group>";
		};
/* End PBXGroup section */

/* Begin PBXNativeTarget section */
		651B2C741BA52DB900434B86 /* wizards-court */ = {
			isa = PBXNativeTarget;
			buildConfigurationList = 651B2C7C1BA52DB900434B86 /* Build configuration list for PBXNativeTarget "wizards-court" */;
			buildPhases = (
				651B2C711BA52DB900434B86 /* Sources */,
				651B2C721BA52DB900434B86 /* Frameworks */,
				651B2C731BA52DB900434B86 /* CopyFiles */,
			);
			buildRules = (
			);
			dependencies = (
			);
			name = "wizards-court";
			productName = "wizards-court";
			productReference = 651B2C751BA52DB900434B86 /* wizards-court */;
			productType = "com.apple.product-type.tool";
		};
/* End PBXNativeTarget section */

/* Begin PBXProject section */
		651B2C6D1BA52DB800434B86 /* Project object */ = {
			isa = PBXProject;
			attributes = {
				LastUpgradeCheck = 0630;
				ORGANIZATIONNAME = "Daniel Fuller";
				TargetAttributes = {
					651B2C741BA52DB900434B86 = {
						CreatedOnToolsVersion = 6.3.1;
					};
				};
			};
			buildConfigurationList = 651B2C701BA52DB800434B86 /* Build configuration list for PBXProject "wizards-court" */;
			compatibilityVersion = "Xcode 3.2";
			developmentRegion = English;
			hasScannedForEncodings = 0;
			knownRegions = (
				en,
			);
			mainGroup = 651B2C6C1BA52DB800434B86;
			productRefGroup = 651B2C761BA52DB900434B86 /* Products */;
			projectDirPath = "";
			projectRoot = "";
			targets = (
				651B2C741BA52DB900434B86 /* wizards-court */,
			);
		};
/* End PBXProject section */

/* Begin PBXSourcesBuildPhase section */
		651B2C711BA52DB900434B86 /* Sources */ = {
			isa = PBXSourcesBuildPhase;
			buildActionMask = 2147483647;
			files = (
				656436611BC477F200BB0DE3 /* DGL.cpp in Sources */,
				65FB50AF1BBCEB740024EA40 /* Matrix.cpp in Sources */,
				6500BFF21BA9F67D005607A5 /* Face.cpp in Sources */,
				6597CF421BB26BD80095EA9B /* Transformation.cpp in Sources */,
				650EE71F1BA934E2009988E0 /* Item.cpp in Sources */,
				654A172B1BAE333D009500DC /* Controller.cpp in Sources */,
				65CBB5411BB1AA7A00FFFDC2 /* PositionedItem.cpp in Sources */,
				6597CF471BB2E5400095EA9B /* ManifestParser.cpp in Sources */,
				650031AE1BB11D41003D9259 /* Game.cpp in Sources */,
				65CBB53B1BB1A9FB00FFFDC2 /* Camera.cpp in Sources */,
				650EE71C1BA92F69009988E0 /* Vertex.cpp in Sources */,
				654A17281BAE332F009500DC /* main.cpp in Sources */,
				650EE7251BA94132009988E0 /* ObjParser.cpp in Sources */,
				65CBB53E1BB1AA0900FFFDC2 /* Scene.cpp in Sources */,
				656436671BC87A0300BB0DE3 /* DGLCamera.cpp in Sources */,
				656436641BC60B7800BB0DE3 /* Vector.cpp in Sources */,
				650EE7221BA93C98009988E0 /* TextureCoordinate.cpp in Sources */,
			);
			runOnlyForDeploymentPostprocessing = 0;
		};
/* End PBXSourcesBuildPhase section */

/* Begin XCBuildConfiguration section */
		651B2C7A1BA52DB900434B86 /* Debug */ = {
			isa = XCBuildConfiguration;
			buildSettings = {
				ALWAYS_SEARCH_USER_PATHS = NO;
				CLANG_CXX_LANGUAGE_STANDARD = "gnu++0x";
				CLANG_CXX_LIBRARY = "libc++";
				CLANG_ENABLE_MODULES = YES;
				CLANG_ENABLE_OBJC_ARC = YES;
				CLANG_WARN_BOOL_CONVERSION = YES;
				CLANG_WARN_CONSTANT_CONVERSION = YES;
				CLANG_WARN_DIRECT_OBJC_ISA_USAGE = YES_ERROR;
				CLANG_WARN_EMPTY_BODY = YES;
				CLANG_WARN_ENUM_CONVERSION = YES;
				CLANG_WARN_INT_CONVERSION = YES;
				CLANG_WARN_OBJC_ROOT_CLASS = YES_ERROR;
				CLANG_WARN_UNREACHABLE_CODE = YES;
				CLANG_WARN__DUPLICATE_METHOD_MATCH = YES;
				COPY_PHASE_STRIP = NO;
				DEBUG_INFORMATION_FORMAT = dwarf;
				ENABLE_STRICT_OBJC_MSGSEND = YES;
				GCC_C_LANGUAGE_STANDARD = gnu99;
				GCC_DYNAMIC_NO_PIC = NO;
				GCC_NO_COMMON_BLOCKS = YES;
				GCC_OPTIMIZATION_LEVEL = 0;
				GCC_PREPROCESSOR_DEFINITIONS = (
					"DEBUG=1",
					"$(inherited)",
				);
				GCC_SYMBOLS_PRIVATE_EXTERN = NO;
				GCC_WARN_64_TO_32_BIT_CONVERSION = YES;
				GCC_WARN_ABOUT_RETURN_TYPE = YES_ERROR;
				GCC_WARN_UNDECLARED_SELECTOR = YES;
				GCC_WARN_UNINITIALIZED_AUTOS = YES_AGGRESSIVE;
				GCC_WARN_UNUSED_FUNCTION = YES;
				GCC_WARN_UNUSED_VARIABLE = YES;
				MACOSX_DEPLOYMENT_TARGET = 10.10;
				MTL_ENABLE_DEBUG_INFO = YES;
				ONLY_ACTIVE_ARCH = YES;
				SDKROOT = macosx;
			};
			name = Debug;
		};
		651B2C7B1BA52DB900434B86 /* Release */ = {
			isa = XCBuildConfiguration;
			buildSettings = {
				ALWAYS_SEARCH_USER_PATHS = NO;
				CLANG_CXX_LANGUAGE_STANDARD = "gnu++0x";
				CLANG_CXX_LIBRARY = "libc++";
				CLANG_ENABLE_MODULES = YES;
				CLANG_ENABLE_OBJC_ARC = YES;
				CLANG_WARN_BOOL_CONVERSION = YES;
				CLANG_WARN_CONSTANT_CONVERSION = YES;
				CLANG_WARN_DIRECT_OBJC_ISA_USAGE = YES_ERROR;
				CLANG_WARN_EMPTY_BODY = YES;
				CLANG_WARN_ENUM_CONVERSION = YES;
				CLANG_WARN_INT_CONVERSION = YES;
				CLANG_WARN_OBJC_ROOT_CLASS = YES_ERROR;
				CLANG_WARN_UNREACHABLE_CODE = YES;
				CLANG_WARN__DUPLICATE_METHOD_MATCH = YES;
				COPY_PHASE_STRIP = NO;
				DEBUG_INFORMATION_FORMAT = "dwarf-with-dsym";
				ENABLE_NS_ASSERTIONS = NO;
				ENABLE_STRICT_OBJC_MSGSEND = YES;
				GCC_C_LANGUAGE_STANDARD = gnu99;
				GCC_NO_COMMON_BLOCKS = YES;
				GCC_WARN_64_TO_32_BIT_CONVERSION = YES;
				GCC_WARN_ABOUT_RETURN_TYPE = YES_ERROR;
				GCC_WARN_UNDECLARED_SELECTOR = YES;
				GCC_WARN_UNINITIALIZED_AUTOS = YES_AGGRESSIVE;
				GCC_WARN_UNUSED_FUNCTION = YES;
				GCC_WARN_UNUSED_VARIABLE = YES;
				MACOSX_DEPLOYMENT_TARGET = 10.10;
				MTL_ENABLE_DEBUG_INFO = NO;
				SDKROOT = macosx;
			};
			name = Release;
		};
		651B2C7D1BA52DB900434B86 /* Debug */ = {
			isa = XCBuildConfiguration;
			buildSettings = {
				ALWAYS_SEARCH_USER_PATHS = YES;
				FRAMEWORK_SEARCH_PATHS = (
					"$(inherited)",
					"$(LOCAL_LIBRARY_DIR)/Frameworks",
				);
				GCC_WARN_ABOUT_DEPRECATED_FUNCTIONS = NO;
				HEADER_SEARCH_PATHS = (
					"$(inherited)",
					/Applications/Xcode.app/Contents/Developer/Toolchains/XcodeDefault.xctoolchain/usr/include,
					/usr/local/include,
					/usr/local/lib,
				);
				LIBRARY_SEARCH_PATHS = (
					/usr/local/lib,
					/Users/Daniel/workspace/libSOIL,
				);
				OTHER_LDFLAGS = (
					"-framework",
					OpenGL,
					"-framework",
					Cocoa,
					"-framework",
					CoreVideo,
					"-framework",
					IOKit,
					"-framework",
					SDL2,
				);
				PRODUCT_NAME = "$(TARGET_NAME)";
			};
			name = Debug;
		};
		651B2C7E1BA52DB900434B86 /* Release */ = {
			isa = XCBuildConfiguration;
			buildSettings = {
				ALWAYS_SEARCH_USER_PATHS = YES;
				FRAMEWORK_SEARCH_PATHS = (
					"$(inherited)",
					"$(LOCAL_LIBRARY_DIR)/Frameworks",
				);
				GCC_WARN_ABOUT_DEPRECATED_FUNCTIONS = NO;
				HEADER_SEARCH_PATHS = (
					"$(inherited)",
					/Applications/Xcode.app/Contents/Developer/Toolchains/XcodeDefault.xctoolchain/usr/include,
					/usr/local/include,
					/usr/local/lib,
				);
				LIBRARY_SEARCH_PATHS = (
					/usr/local/lib,
					/Users/Daniel/workspace/libSOIL,
				);
				OTHER_LDFLAGS = (
					"-framework",
					OpenGL,
					"-framework",
					Cocoa,
					"-framework",
					CoreVideo,
					"-framework",
					IOKit,
					"-framework",
					SDL2,
				);
				PRODUCT_NAME = "$(TARGET_NAME)";
			};
			name = Release;
		};
/* End XCBuildConfiguration section */

/* Begin XCConfigurationList section */
		651B2C701BA52DB800434B86 /* Build configuration list for PBXProject "wizards-court" */ = {
			isa = XCConfigurationList;
			buildConfigurations = (
				651B2C7A1BA52DB900434B86 /* Debug */,
				651B2C7B1BA52DB900434B86 /* Release */,
			);
			defaultConfigurationIsVisible = 0;
			defaultConfigurationName = Release;
		};
		651B2C7C1BA52DB900434B86 /* Build configuration list for PBXNativeTarget "wizards-court" */ = {
			isa = XCConfigurationList;
			buildConfigurations = (
				651B2C7D1BA52DB900434B86 /* Debug */,
				651B2C7E1BA52DB900434B86 /* Release */,
			);
			defaultConfigurationIsVisible = 0;
			defaultConfigurationName = Release;
		};
/* End XCConfigurationList section */
	};
	rootObject = 651B2C6D1BA52DB800434B86 /* Project object */;
}
